// !$*UTF8*$!
{
	archiveVersion = 1;
	classes = {
	};
	objectVersion = 55;
	objects = {

/* Begin PBXBuildFile section */
		4C671D4D27C6EFBB00CF07A4 /* RestartApp.swift in Sources */ = {isa = PBXBuildFile; fileRef = 4C671D4C27C6EFBB00CF07A4 /* RestartApp.swift */; };
		4C671D4F27C6EFBB00CF07A4 /* ContentView.swift in Sources */ = {isa = PBXBuildFile; fileRef = 4C671D4E27C6EFBB00CF07A4 /* ContentView.swift */; };
		4C671D5127C6EFBE00CF07A4 /* Assets.xcassets in Resources */ = {isa = PBXBuildFile; fileRef = 4C671D5027C6EFBE00CF07A4 /* Assets.xcassets */; };
		4C671D5427C6EFBE00CF07A4 /* Preview Assets.xcassets in Resources */ = {isa = PBXBuildFile; fileRef = 4C671D5327C6EFBE00CF07A4 /* Preview Assets.xcassets */; };
		4C671D5C27C6F08C00CF07A4 /* success.m4a in Resources */ = {isa = PBXBuildFile; fileRef = 4C671D5A27C6F08C00CF07A4 /* success.m4a */; };
		4C671D5D27C6F08C00CF07A4 /* chimeup.mp3 in Resources */ = {isa = PBXBuildFile; fileRef = 4C671D5B27C6F08C00CF07A4 /* chimeup.mp3 */; };
		4C671D6427C6F4AC00CF07A4 /* OnboardingView.swift in Sources */ = {isa = PBXBuildFile; fileRef = 4C671D6327C6F4AC00CF07A4 /* OnboardingView.swift */; };
		4C671D6627C6F4D300CF07A4 /* HomeView.swift in Sources */ = {isa = PBXBuildFile; fileRef = 4C671D6527C6F4D300CF07A4 /* HomeView.swift */; };
		4C671D6827C7775400CF07A4 /* CircleGroupView.swift in Sources */ = {isa = PBXBuildFile; fileRef = 4C671D6727C7775400CF07A4 /* CircleGroupView.swift */; };
		4C671D6A27C7A27100CF07A4 /* AudioPlayer.swift in Sources */ = {isa = PBXBuildFile; fileRef = 4C671D6927C7A27100CF07A4 /* AudioPlayer.swift */; };
/* End PBXBuildFile section */

/* Begin PBXFileReference section */
		4C671D4927C6EFBB00CF07A4 /* Restart.app */ = {isa = PBXFileReference; explicitFileType = wrapper.application; includeInIndex = 0; path = Restart.app; sourceTree = BUILT_PRODUCTS_DIR; };
		4C671D4C27C6EFBB00CF07A4 /* RestartApp.swift */ = {isa = PBXFileReference; lastKnownFileType = sourcecode.swift; path = RestartApp.swift; sourceTree = "<group>"; };
		4C671D4E27C6EFBB00CF07A4 /* ContentView.swift */ = {isa = PBXFileReference; lastKnownFileType = sourcecode.swift; path = ContentView.swift; sourceTree = "<group>"; };
		4C671D5027C6EFBE00CF07A4 /* Assets.xcassets */ = {isa = PBXFileReference; lastKnownFileType = folder.assetcatalog; path = Assets.xcassets; sourceTree = "<group>"; };
		4C671D5327C6EFBE00CF07A4 /* Preview Assets.xcassets */ = {isa = PBXFileReference; lastKnownFileType = folder.assetcatalog; path = "Preview Assets.xcassets"; sourceTree = "<group>"; };
		4C671D5A27C6F08C00CF07A4 /* success.m4a */ = {isa = PBXFileReference; lastKnownFileType = file; path = success.m4a; sourceTree = "<group>"; };
		4C671D5B27C6F08C00CF07A4 /* chimeup.mp3 */ = {isa = PBXFileReference; lastKnownFileType = audio.mp3; path = chimeup.mp3; sourceTree = "<group>"; };
		4C671D6127C6F38500CF07A4 /* Info.plist */ = {isa = PBXFileReference; lastKnownFileType = text.plist; path = Info.plist; sourceTree = "<group>"; };
		4C671D6327C6F4AC00CF07A4 /* OnboardingView.swift */ = {isa = PBXFileReference; lastKnownFileType = sourcecode.swift; path = OnboardingView.swift; sourceTree = "<group>"; };
		4C671D6527C6F4D300CF07A4 /* HomeView.swift */ = {isa = PBXFileReference; lastKnownFileType = sourcecode.swift; path = HomeView.swift; sourceTree = "<group>"; };
		4C671D6727C7775400CF07A4 /* CircleGroupView.swift */ = {isa = PBXFileReference; lastKnownFileType = sourcecode.swift; path = CircleGroupView.swift; sourceTree = "<group>"; };
		4C671D6927C7A27100CF07A4 /* AudioPlayer.swift */ = {isa = PBXFileReference; lastKnownFileType = sourcecode.swift; path = AudioPlayer.swift; sourceTree = "<group>"; };
/* End PBXFileReference section */

/* Begin PBXFrameworksBuildPhase section */
		4C671D4627C6EFBB00CF07A4 /* Frameworks */ = {
			isa = PBXFrameworksBuildPhase;
			buildActionMask = 2147483647;
			files = (
			);
			runOnlyForDeploymentPostprocessing = 0;
		};
/* End PBXFrameworksBuildPhase section */

/* Begin PBXGroup section */
		4C671D4027C6EFBB00CF07A4 = {
			isa = PBXGroup;
			children = (
				4C671D4B27C6EFBB00CF07A4 /* Restart */,
				4C671D4A27C6EFBB00CF07A4 /* Products */,
			);
			sourceTree = "<group>";
		};
		4C671D4A27C6EFBB00CF07A4 /* Products */ = {
			isa = PBXGroup;
			children = (
				4C671D4927C6EFBB00CF07A4 /* Restart.app */,
			);
			name = Products;
			sourceTree = "<group>";
		};
		4C671D4B27C6EFBB00CF07A4 /* Restart */ = {
			isa = PBXGroup;
			children = (
				4C671D6227C6F47200CF07A4 /* Screens */,
				4C671D6127C6F38500CF07A4 /* Info.plist */,
				4C671D6027C6F25500CF07A4 /* Utilities */,
				4C671D5F27C6F23600CF07A4 /* Views */,
				4C671D5E27C6F0B300CF07A4 /* Sounds */,
				4C671D4C27C6EFBB00CF07A4 /* RestartApp.swift */,
				4C671D5027C6EFBE00CF07A4 /* Assets.xcassets */,
				4C671D5227C6EFBE00CF07A4 /* Preview Content */,
			);
			path = Restart;
			sourceTree = "<group>";
		};
		4C671D5227C6EFBE00CF07A4 /* Preview Content */ = {
			isa = PBXGroup;
			children = (
				4C671D5327C6EFBE00CF07A4 /* Preview Assets.xcassets */,
			);
			path = "Preview Content";
			sourceTree = "<group>";
		};
		4C671D5E27C6F0B300CF07A4 /* Sounds */ = {
			isa = PBXGroup;
			children = (
				4C671D5B27C6F08C00CF07A4 /* chimeup.mp3 */,
				4C671D5A27C6F08C00CF07A4 /* success.m4a */,
			);
			path = Sounds;
			sourceTree = "<group>";
		};
		4C671D5F27C6F23600CF07A4 /* Views */ = {
			isa = PBXGroup;
			children = (
				4C671D6727C7775400CF07A4 /* CircleGroupView.swift */,
			);
			path = Views;
			sourceTree = "<group>";
		};
		4C671D6027C6F25500CF07A4 /* Utilities */ = {
			isa = PBXGroup;
			children = (
				4C671D6927C7A27100CF07A4 /* AudioPlayer.swift */,
			);
			path = Utilities;
			sourceTree = "<group>";
		};
		4C671D6227C6F47200CF07A4 /* Screens */ = {
			isa = PBXGroup;
			children = (
				4C671D4E27C6EFBB00CF07A4 /* ContentView.swift */,
				4C671D6327C6F4AC00CF07A4 /* OnboardingView.swift */,
				4C671D6527C6F4D300CF07A4 /* HomeView.swift */,
			);
			path = Screens;
			sourceTree = "<group>";
		};
/* End PBXGroup section */

/* Begin PBXNativeTarget section */
		4C671D4827C6EFBB00CF07A4 /* Restart */ = {
			isa = PBXNativeTarget;
			buildConfigurationList = 4C671D5727C6EFBE00CF07A4 /* Build configuration list for PBXNativeTarget "Restart" */;
			buildPhases = (
				4C671D4527C6EFBB00CF07A4 /* Sources */,
				4C671D4627C6EFBB00CF07A4 /* Frameworks */,
				4C671D4727C6EFBB00CF07A4 /* Resources */,
			);
			buildRules = (
			);
			dependencies = (
			);
			name = Restart;
			productName = Restart;
			productReference = 4C671D4927C6EFBB00CF07A4 /* Restart.app */;
			productType = "com.apple.product-type.application";
		};
/* End PBXNativeTarget section */

/* Begin PBXProject section */
		4C671D4127C6EFBB00CF07A4 /* Project object */ = {
			isa = PBXProject;
			attributes = {
				BuildIndependentTargetsInParallel = 1;
				LastSwiftUpdateCheck = 1320;
				LastUpgradeCheck = 1320;
				TargetAttributes = {
					4C671D4827C6EFBB00CF07A4 = {
						CreatedOnToolsVersion = 13.2.1;
					};
				};
			};
			buildConfigurationList = 4C671D4427C6EFBB00CF07A4 /* Build configuration list for PBXProject "Restart" */;
			compatibilityVersion = "Xcode 13.0";
			developmentRegion = en;
			hasScannedForEncodings = 0;
			knownRegions = (
				en,
				Base,
			);
			mainGroup = 4C671D4027C6EFBB00CF07A4;
			productRefGroup = 4C671D4A27C6EFBB00CF07A4 /* Products */;
			projectDirPath = "";
			projectRoot = "";
			targets = (
				4C671D4827C6EFBB00CF07A4 /* Restart */,
			);
		};
/* End PBXProject section */

/* Begin PBXResourcesBuildPhase section */
		4C671D4727C6EFBB00CF07A4 /* Resources */ = {
			isa = PBXResourcesBuildPhase;
			buildActionMask = 2147483647;
			files = (
				4C671D5D27C6F08C00CF07A4 /* chimeup.mp3 in Resources */,
				4C671D5427C6EFBE00CF07A4 /* Preview Assets.xcassets in Resources */,
				4C671D5C27C6F08C00CF07A4 /* success.m4a in Resources */,
				4C671D5127C6EFBE00CF07A4 /* Assets.xcassets in Resources */,
			);
			runOnlyForDeploymentPostprocessing = 0;
		};
/* End PBXResourcesBuildPhase section */

/* Begin PBXSourcesBuildPhase section */
		4C671D4527C6EFBB00CF07A4 /* Sources */ = {
			isa = PBXSourcesBuildPhase;
			buildActionMask = 2147483647;
			files = (
				4C671D6827C7775400CF07A4 /* CircleGroupView.swift in Sources */,
				4C671D6427C6F4AC00CF07A4 /* OnboardingView.swift in Sources */,
				4C671D6627C6F4D300CF07A4 /* HomeView.swift in Sources */,
				4C671D4F27C6EFBB00CF07A4 /* ContentView.swift in Sources */,
				4C671D4D27C6EFBB00CF07A4 /* RestartApp.swift in Sources */,
				4C671D6A27C7A27100CF07A4 /* AudioPlayer.swift in Sources */,
			);
			runOnlyForDeploymentPostprocessing = 0;
		};
/* End PBXSourcesBuildPhase section */

/* Begin XCBuildConfiguration section */
		4C671D5527C6EFBE00CF07A4 /* Debug */ = {
			isa = XCBuildConfiguration;
			buildSettings = {
				ALWAYS_SEARCH_USER_PATHS = NO;
				CLANG_ANALYZER_NONNULL = YES;
				CLANG_ANALYZER_NUMBER_OBJECT_CONVERSION = YES_AGGRESSIVE;
				CLANG_CXX_LANGUAGE_STANDARD = "gnu++17";
				CLANG_CXX_LIBRARY = "libc++";
				CLANG_ENABLE_MODULES = YES;
				CLANG_ENABLE_OBJC_ARC = YES;
				CLANG_ENABLE_OBJC_WEAK = YES;
				CLANG_WARN_BLOCK_CAPTURE_AUTORELEASING = YES;
				CLANG_WARN_BOOL_CONVERSION = YES;
				CLANG_WARN_COMMA = YES;
				CLANG_WARN_CONSTANT_CONVERSION = YES;
				CLANG_WARN_DEPRECATED_OBJC_IMPLEMENTATIONS = YES;
				CLANG_WARN_DIRECT_OBJC_ISA_USAGE = YES_ERROR;
				CLANG_WARN_DOCUMENTATION_COMMENTS = YES;
				CLANG_WARN_EMPTY_BODY = YES;
				CLANG_WARN_ENUM_CONVERSION = YES;
				CLANG_WARN_INFINITE_RECURSION = YES;
				CLANG_WARN_INT_CONVERSION = YES;
				CLANG_WARN_NON_LITERAL_NULL_CONVERSION = YES;
				CLANG_WARN_OBJC_IMPLICIT_RETAIN_SELF = YES;
				CLANG_WARN_OBJC_LITERAL_CONVERSION = YES;
				CLANG_WARN_OBJC_ROOT_CLASS = YES_ERROR;
				CLANG_WARN_QUOTED_INCLUDE_IN_FRAMEWORK_HEADER = YES;
				CLANG_WARN_RANGE_LOOP_ANALYSIS = YES;
				CLANG_WARN_STRICT_PROTOTYPES = YES;
				CLANG_WARN_SUSPICIOUS_MOVE = YES;
				CLANG_WARN_UNGUARDED_AVAILABILITY = YES_AGGRESSIVE;
				CLANG_WARN_UNREACHABLE_CODE = YES;
				CLANG_WARN__DUPLICATE_METHOD_MATCH = YES;
				COPY_PHASE_STRIP = NO;
				DEBUG_INFORMATION_FORMAT = dwarf;
				ENABLE_STRICT_OBJC_MSGSEND = YES;
				ENABLE_TESTABILITY = YES;
				GCC_C_LANGUAGE_STANDARD = gnu11;
				GCC_DYNAMIC_NO_PIC = NO;
				GCC_NO_COMMON_BLOCKS = YES;
				GCC_OPTIMIZATION_LEVEL = 0;
				GCC_PREPROCESSOR_DEFINITIONS = (
					"DEBUG=1",
					"$(inherited)",
				);
				GCC_WARN_64_TO_32_BIT_CONVERSION = YES;
				GCC_WARN_ABOUT_RETURN_TYPE = YES_ERROR;
				GCC_WARN_UNDECLARED_SELECTOR = YES;
				GCC_WARN_UNINITIALIZED_AUTOS = YES_AGGRESSIVE;
				GCC_WARN_UNUSED_FUNCTION = YES;
				GCC_WARN_UNUSED_VARIABLE = YES;
				IPHONEOS_DEPLOYMENT_TARGET = 15.2;
				MTL_ENABLE_DEBUG_INFO = INCLUDE_SOURCE;
				MTL_FAST_MATH = YES;
				ONLY_ACTIVE_ARCH = YES;
				SDKROOT = iphoneos;
				SWIFT_ACTIVE_COMPILATION_CONDITIONS = DEBUG;
				SWIFT_OPTIMIZATION_LEVEL = "-Onone";
			};
			name = Debug;
		};
		4C671D5627C6EFBE00CF07A4 /* Release */ = {
			isa = XCBuildConfiguration;
			buildSettings = {
				ALWAYS_SEARCH_USER_PATHS = NO;
				CLANG_ANALYZER_NONNULL = YES;
				CLANG_ANALYZER_NUMBER_OBJECT_CONVERSION = YES_AGGRESSIVE;
				CLANG_CXX_LANGUAGE_STANDARD = "gnu++17";
				CLANG_CXX_LIBRARY = "libc++";
				CLANG_ENABLE_MODULES = YES;
				CLANG_ENABLE_OBJC_ARC = YES;
				CLANG_ENABLE_OBJC_WEAK = YES;
				CLANG_WARN_BLOCK_CAPTURE_AUTORELEASING = YES;
				CLANG_WARN_BOOL_CONVERSION = YES;
				CLANG_WARN_COMMA = YES;
				CLANG_WARN_CONSTANT_CONVERSION = YES;
				CLANG_WARN_DEPRECATED_OBJC_IMPLEMENTATIONS = YES;
				CLANG_WARN_DIRECT_OBJC_ISA_USAGE = YES_ERROR;
				CLANG_WARN_DOCUMENTATION_COMMENTS = YES;
				CLANG_WARN_EMPTY_BODY = YES;
				CLANG_WARN_ENUM_CONVERSION = YES;
				CLANG_WARN_INFINITE_RECURSION = YES;
				CLANG_WARN_INT_CONVERSION = YES;
				CLANG_WARN_NON_LITERAL_NULL_CONVERSION = YES;
				CLANG_WARN_OBJC_IMPLICIT_RETAIN_SELF = YES;
				CLANG_WARN_OBJC_LITERAL_CONVERSION = YES;
				CLANG_WARN_OBJC_ROOT_CLASS = YES_ERROR;
				CLANG_WARN_QUOTED_INCLUDE_IN_FRAMEWORK_HEADER = YES;
				CLANG_WARN_RANGE_LOOP_ANALYSIS = YES;
				CLANG_WARN_STRICT_PROTOTYPES = YES;
				CLANG_WARN_SUSPICIOUS_MOVE = YES;
				CLANG_WARN_UNGUARDED_AVAILABILITY = YES_AGGRESSIVE;
				CLANG_WARN_UNREACHABLE_CODE = YES;
				CLANG_WARN__DUPLICATE_METHOD_MATCH = YES;
				COPY_PHASE_STRIP = NO;
				DEBUG_INFORMATION_FORMAT = "dwarf-with-dsym";
				ENABLE_NS_ASSERTIONS = NO;
				ENABLE_STRICT_OBJC_MSGSEND = YES;
				GCC_C_LANGUAGE_STANDARD = gnu11;
				GCC_NO_COMMON_BLOCKS = YES;
				GCC_WARN_64_TO_32_BIT_CONVERSION = YES;
				GCC_WARN_ABOUT_RETURN_TYPE = YES_ERROR;
				GCC_WARN_UNDECLARED_SELECTOR = YES;
				GCC_WARN_UNINITIALIZED_AUTOS = YES_AGGRESSIVE;
				GCC_WARN_UNUSED_FUNCTION = YES;
				GCC_WARN_UNUSED_VARIABLE = YES;
				IPHONEOS_DEPLOYMENT_TARGET = 15.2;
				MTL_ENABLE_DEBUG_INFO = NO;
				MTL_FAST_MATH = YES;
				SDKROOT = iphoneos;
				SWIFT_COMPILATION_MODE = wholemodule;
				SWIFT_OPTIMIZATION_LEVEL = "-O";
				VALIDATE_PRODUCT = YES;
			};
			name = Release;
		};
		4C671D5827C6EFBE00CF07A4 /* Debug */ = {
			isa = XCBuildConfiguration;
			buildSettings = {
				ASSETCATALOG_COMPILER_APPICON_NAME = AppIcon;
				ASSETCATALOG_COMPILER_GLOBAL_ACCENT_COLOR_NAME = AccentColor;
				CODE_SIGN_STYLE = Automatic;
				CURRENT_PROJECT_VERSION = 1;
				DEVELOPMENT_ASSET_PATHS = "\"Restart/Preview Content\"";
				DEVELOPMENT_TEAM = 5548YMMUN7;
				ENABLE_PREVIEWS = YES;
				GENERATE_INFOPLIST_FILE = YES;
				INFOPLIST_FILE = Restart/Info.plist;
				INFOPLIST_KEY_UIApplicationSceneManifest_Generation = YES;
				INFOPLIST_KEY_UIApplicationSupportsIndirectInputEvents = YES;
				INFOPLIST_KEY_UISupportedInterfaceOrientations = UIInterfaceOrientationPortrait;
				INFOPLIST_KEY_UISupportedInterfaceOrientations_iPad = "UIInterfaceOrientationPortrait UIInterfaceOrientationPortraitUpsideDown UIInterfaceOrientationLandscapeLeft UIInterfaceOrientationLandscapeRight";
				INFOPLIST_KEY_UISupportedInterfaceOrientations_iPhone = UIInterfaceOrientationPortrait;
				IPHONEOS_DEPLOYMENT_TARGET = 15.2;
				LD_RUNPATH_SEARCH_PATHS = (
					"$(inherited)",
					"@executable_path/Frameworks",
				);
				MARKETING_VERSION = 1.0;
				PRODUCT_BUNDLE_IDENTIFIER = com.zaur.Restart;
				PRODUCT_NAME = "$(TARGET_NAME)";
				SWIFT_EMIT_LOC_STRINGS = YES;
				SWIFT_VERSION = 5.0;
				TARGETED_DEVICE_FAMILY = "1,2";
			};
			name = Debug;
		};
		4C671D5927C6EFBE00CF07A4 /* Release */ = {
			isa = XCBuildConfiguration;
			buildSettings = {
				ASSETCATALOG_COMPILER_APPICON_NAME = AppIcon;
				ASSETCATALOG_COMPILER_GLOBAL_ACCENT_COLOR_NAME = AccentColor;
				CODE_SIGN_STYLE = Automatic;
				CURRENT_PROJECT_VERSION = 1;
				DEVELOPMENT_ASSET_PATHS = "\"Restart/Preview Content\"";
				DEVELOPMENT_TEAM = 5548YMMUN7;
				ENABLE_PREVIEWS = YES;
				GENERATE_INFOPLIST_FILE = YES;
				INFOPLIST_FILE = Restart/Info.plist;
				INFOPLIST_KEY_UIApplicationSceneManifest_Generation = YES;
				INFOPLIST_KEY_UIApplicationSupportsIndirectInputEvents = YES;
				INFOPLIST_KEY_UISupportedInterfaceOrientations = UIInterfaceOrientationPortrait;
				INFOPLIST_KEY_UISupportedInterfaceOrientations_iPad = "UIInterfaceOrientationPortrait UIInterfaceOrientationPortraitUpsideDown UIInterfaceOrientationLandscapeLeft UIInterfaceOrientationLandscapeRight";
				INFOPLIST_KEY_UISupportedInterfaceOrientations_iPhone = UIInterfaceOrientationPortrait;
				IPHONEOS_DEPLOYMENT_TARGET = 15.2;
				LD_RUNPATH_SEARCH_PATHS = (
					"$(inherited)",
					"@executable_path/Frameworks",
				);
				MARKETING_VERSION = 1.0;
				PRODUCT_BUNDLE_IDENTIFIER = com.zaur.Restart;
				PRODUCT_NAME = "$(TARGET_NAME)";
				SWIFT_EMIT_LOC_STRINGS = YES;
				SWIFT_VERSION = 5.0;
				TARGETED_DEVICE_FAMILY = "1,2";
			};
			name = Release;
		};
/* End XCBuildConfiguration section */

/* Begin XCConfigurationList section */
		4C671D4427C6EFBB00CF07A4 /* Build configuration list for PBXProject "Restart" */ = {
			isa = XCConfigurationList;
			buildConfigurations = (
				4C671D5527C6EFBE00CF07A4 /* Debug */,
				4C671D5627C6EFBE00CF07A4 /* Release */,
			);
			defaultConfigurationIsVisible = 0;
			defaultConfigurationName = Release;
		};
		4C671D5727C6EFBE00CF07A4 /* Build configuration list for PBXNativeTarget "Restart" */ = {
			isa = XCConfigurationList;
			buildConfigurations = (
				4C671D5827C6EFBE00CF07A4 /* Debug */,
				4C671D5927C6EFBE00CF07A4 /* Release */,
			);
			defaultConfigurationIsVisible = 0;
			defaultConfigurationName = Release;
		};
/* End XCConfigurationList section */
	};
	rootObject = 4C671D4127C6EFBB00CF07A4 /* Project object */;
}
