// !$*UTF8*$!
{
	archiveVersion = 1;
	classes = {
	};
	objectVersion = 50;
	objects = {

/* Begin PBXBuildFile section */
		4CE4E4052720ACCF008293A1 /* AppDelegate.swift in Sources */ = {isa = PBXBuildFile; fileRef = 4CE4E4042720ACCF008293A1 /* AppDelegate.swift */; };
		4CE4E4072720ACCF008293A1 /* SceneDelegate.swift in Sources */ = {isa = PBXBuildFile; fileRef = 4CE4E4062720ACCF008293A1 /* SceneDelegate.swift */; };
		4CE4E4092720ACCF008293A1 /* ViewController.swift in Sources */ = {isa = PBXBuildFile; fileRef = 4CE4E4082720ACCF008293A1 /* ViewController.swift */; };
		4CE4E40C2720ACCF008293A1 /* Main.storyboard in Resources */ = {isa = PBXBuildFile; fileRef = 4CE4E40A2720ACCF008293A1 /* Main.storyboard */; };
		4CE4E40E2720ACD1008293A1 /* Assets.xcassets in Resources */ = {isa = PBXBuildFile; fileRef = 4CE4E40D2720ACD1008293A1 /* Assets.xcassets */; };
		4CE4E4112720ACD1008293A1 /* LaunchScreen.storyboard in Resources */ = {isa = PBXBuildFile; fileRef = 4CE4E40F2720ACD1008293A1 /* LaunchScreen.storyboard */; };
		4CE4E41D2720B7DF008293A1 /* Question.swift in Sources */ = {isa = PBXBuildFile; fileRef = 4CE4E41C2720B7DE008293A1 /* Question.swift */; };
		4CE4E41F2720B8FF008293A1 /* MainQuiz.swift in Sources */ = {isa = PBXBuildFile; fileRef = 4CE4E41E2720B8FF008293A1 /* MainQuiz.swift */; };
/* End PBXBuildFile section */

/* Begin PBXFileReference section */
		4CE4E4012720ACCF008293A1 /* Quiz.app */ = {isa = PBXFileReference; explicitFileType = wrapper.application; includeInIndex = 0; path = Quiz.app; sourceTree = BUILT_PRODUCTS_DIR; };
		4CE4E4042720ACCF008293A1 /* AppDelegate.swift */ = {isa = PBXFileReference; lastKnownFileType = sourcecode.swift; path = AppDelegate.swift; sourceTree = "<group>"; };
		4CE4E4062720ACCF008293A1 /* SceneDelegate.swift */ = {isa = PBXFileReference; lastKnownFileType = sourcecode.swift; path = SceneDelegate.swift; sourceTree = "<group>"; };
		4CE4E4082720ACCF008293A1 /* ViewController.swift */ = {isa = PBXFileReference; lastKnownFileType = sourcecode.swift; path = ViewController.swift; sourceTree = "<group>"; };
		4CE4E40B2720ACCF008293A1 /* Base */ = {isa = PBXFileReference; lastKnownFileType = file.storyboard; name = Base; path = Base.lproj/Main.storyboard; sourceTree = "<group>"; };
		4CE4E40D2720ACD1008293A1 /* Assets.xcassets */ = {isa = PBXFileReference; lastKnownFileType = folder.assetcatalog; path = Assets.xcassets; sourceTree = "<group>"; };
		4CE4E4102720ACD1008293A1 /* Base */ = {isa = PBXFileReference; lastKnownFileType = file.storyboard; name = Base; path = Base.lproj/LaunchScreen.storyboard; sourceTree = "<group>"; };
		4CE4E4122720ACD1008293A1 /* Info.plist */ = {isa = PBXFileReference; lastKnownFileType = text.plist.xml; path = Info.plist; sourceTree = "<group>"; };
		4CE4E41C2720B7DE008293A1 /* Question.swift */ = {isa = PBXFileReference; lastKnownFileType = sourcecode.swift; path = Question.swift; sourceTree = "<group>"; };
		4CE4E41E2720B8FF008293A1 /* MainQuiz.swift */ = {isa = PBXFileReference; lastKnownFileType = sourcecode.swift; path = MainQuiz.swift; sourceTree = "<group>"; };
/* End PBXFileReference section */

/* Begin PBXFrameworksBuildPhase section */
		4CE4E3FE2720ACCF008293A1 /* Frameworks */ = {
			isa = PBXFrameworksBuildPhase;
			buildActionMask = 2147483647;
			files = (
			);
			runOnlyForDeploymentPostprocessing = 0;
		};
/* End PBXFrameworksBuildPhase section */

/* Begin PBXGroup section */
		4CE4E3F82720ACCF008293A1 = {
			isa = PBXGroup;
			children = (
				4CE4E4032720ACCF008293A1 /* Quiz */,
				4CE4E4022720ACCF008293A1 /* Products */,
			);
			sourceTree = "<group>";
		};
		4CE4E4022720ACCF008293A1 /* Products */ = {
			isa = PBXGroup;
			children = (
				4CE4E4012720ACCF008293A1 /* Quiz.app */,
			);
			name = Products;
			sourceTree = "<group>";
		};
		4CE4E4032720ACCF008293A1 /* Quiz */ = {
			isa = PBXGroup;
			children = (
				4CE4E4042720ACCF008293A1 /* AppDelegate.swift */,
				4CE4E4062720ACCF008293A1 /* SceneDelegate.swift */,
				4CE4E41B2720B4CF008293A1 /* Model */,
				4CE4E4192720B4B7008293A1 /* Controller */,
				4CE4E4182720B4A9008293A1 /* View */,
				4CE4E40D2720ACD1008293A1 /* Assets.xcassets */,
				4CE4E40F2720ACD1008293A1 /* LaunchScreen.storyboard */,
				4CE4E4122720ACD1008293A1 /* Info.plist */,
			);
			path = Quiz;
			sourceTree = "<group>";
		};
		4CE4E4182720B4A9008293A1 /* View */ = {
			isa = PBXGroup;
			children = (
				4CE4E40A2720ACCF008293A1 /* Main.storyboard */,
			);
			path = View;
			sourceTree = "<group>";
		};
		4CE4E4192720B4B7008293A1 /* Controller */ = {
			isa = PBXGroup;
			children = (
				4CE4E4082720ACCF008293A1 /* ViewController.swift */,
			);
			path = Controller;
			sourceTree = "<group>";
		};
		4CE4E41B2720B4CF008293A1 /* Model */ = {
			isa = PBXGroup;
			children = (
				4CE4E41C2720B7DE008293A1 /* Question.swift */,
				4CE4E41E2720B8FF008293A1 /* MainQuiz.swift */,
			);
			path = Model;
			sourceTree = "<group>";
		};
/* End PBXGroup section */

/* Begin PBXNativeTarget section */
		4CE4E4002720ACCF008293A1 /* Quiz */ = {
			isa = PBXNativeTarget;
			buildConfigurationList = 4CE4E4152720ACD1008293A1 /* Build configuration list for PBXNativeTarget "Quiz" */;
			buildPhases = (
				4CE4E3FD2720ACCF008293A1 /* Sources */,
				4CE4E3FE2720ACCF008293A1 /* Frameworks */,
				4CE4E3FF2720ACCF008293A1 /* Resources */,
			);
			buildRules = (
			);
			dependencies = (
			);
			name = Quiz;
			productName = Quiz;
			productReference = 4CE4E4012720ACCF008293A1 /* Quiz.app */;
			productType = "com.apple.product-type.application";
		};
/* End PBXNativeTarget section */

/* Begin PBXProject section */
		4CE4E3F92720ACCF008293A1 /* Project object */ = {
			isa = PBXProject;
			attributes = {
				LastSwiftUpdateCheck = 1250;
				LastUpgradeCheck = 1250;
				TargetAttributes = {
					4CE4E4002720ACCF008293A1 = {
						CreatedOnToolsVersion = 12.5.1;
					};
				};
			};
			buildConfigurationList = 4CE4E3FC2720ACCF008293A1 /* Build configuration list for PBXProject "Quiz" */;
			compatibilityVersion = "Xcode 9.3";
			developmentRegion = en;
			hasScannedForEncodings = 0;
			knownRegions = (
				en,
				Base,
			);
			mainGroup = 4CE4E3F82720ACCF008293A1;
			productRefGroup = 4CE4E4022720ACCF008293A1 /* Products */;
			projectDirPath = "";
			projectRoot = "";
			targets = (
				4CE4E4002720ACCF008293A1 /* Quiz */,
			);
		};
/* End PBXProject section */

/* Begin PBXResourcesBuildPhase section */
		4CE4E3FF2720ACCF008293A1 /* Resources */ = {
			isa = PBXResourcesBuildPhase;
			buildActionMask = 2147483647;
			files = (
				4CE4E4112720ACD1008293A1 /* LaunchScreen.storyboard in Resources */,
				4CE4E40E2720ACD1008293A1 /* Assets.xcassets in Resources */,
				4CE4E40C2720ACCF008293A1 /* Main.storyboard in Resources */,
			);
			runOnlyForDeploymentPostprocessing = 0;
		};
/* End PBXResourcesBuildPhase section */

/* Begin PBXSourcesBuildPhase section */
		4CE4E3FD2720ACCF008293A1 /* Sources */ = {
			isa = PBXSourcesBuildPhase;
			buildActionMask = 2147483647;
			files = (
				4CE4E4092720ACCF008293A1 /* ViewController.swift in Sources */,
				4CE4E41D2720B7DF008293A1 /* Question.swift in Sources */,
				4CE4E4052720ACCF008293A1 /* AppDelegate.swift in Sources */,
				4CE4E4072720ACCF008293A1 /* SceneDelegate.swift in Sources */,
				4CE4E41F2720B8FF008293A1 /* MainQuiz.swift in Sources */,
			);
			runOnlyForDeploymentPostprocessing = 0;
		};
/* End PBXSourcesBuildPhase section */

/* Begin PBXVariantGroup section */
		4CE4E40A2720ACCF008293A1 /* Main.storyboard */ = {
			isa = PBXVariantGroup;
			children = (
				4CE4E40B2720ACCF008293A1 /* Base */,
			);
			name = Main.storyboard;
			sourceTree = "<group>";
		};
		4CE4E40F2720ACD1008293A1 /* LaunchScreen.storyboard */ = {
			isa = PBXVariantGroup;
			children = (
				4CE4E4102720ACD1008293A1 /* Base */,
			);
			name = LaunchScreen.storyboard;
			sourceTree = "<group>";
		};
/* End PBXVariantGroup section */

/* Begin XCBuildConfiguration section */
		4CE4E4132720ACD1008293A1 /* Debug */ = {
			isa = XCBuildConfiguration;
			buildSettings = {
				ALWAYS_SEARCH_USER_PATHS = NO;
				CLANG_ANALYZER_NONNULL = YES;
				CLANG_ANALYZER_NUMBER_OBJECT_CONVERSION = YES_AGGRESSIVE;
				CLANG_CXX_LANGUAGE_STANDARD = "gnu++14";
				CLANG_CXX_LIBRARY = "libc++";
				CLANG_ENABLE_MODULES = YES;
				CLANG_ENABLE_OBJC_ARC = YES;
				CLANG_ENABLE_OBJC_WEAK = YES;
				CLANG_WARN_BLOCK_CAPTURE_AUTORELEASING = YES;
				CLANG_WARN_BOOL_CONVERSION = YES;
				CLANG_WARN_COMMA = YES;
				CLANG_WARN_CONSTANT_CONVERSION = YES;
				CLANG_WARN_DEPRECATED_OBJC_IMPLEMENTATIONS = YES;
				CLANG_WARN_DIRECT_OBJC_ISA_USAGE = YES_ERROR;
				CLANG_WARN_DOCUMENTATION_COMMENTS = YES;
				CLANG_WARN_EMPTY_BODY = YES;
				CLANG_WARN_ENUM_CONVERSION = YES;
				CLANG_WARN_INFINITE_RECURSION = YES;
				CLANG_WARN_INT_CONVERSION = YES;
				CLANG_WARN_NON_LITERAL_NULL_CONVERSION = YES;
				CLANG_WARN_OBJC_IMPLICIT_RETAIN_SELF = YES;
				CLANG_WARN_OBJC_LITERAL_CONVERSION = YES;
				CLANG_WARN_OBJC_ROOT_CLASS = YES_ERROR;
				CLANG_WARN_QUOTED_INCLUDE_IN_FRAMEWORK_HEADER = YES;
				CLANG_WARN_RANGE_LOOP_ANALYSIS = YES;
				CLANG_WARN_STRICT_PROTOTYPES = YES;
				CLANG_WARN_SUSPICIOUS_MOVE = YES;
				CLANG_WARN_UNGUARDED_AVAILABILITY = YES_AGGRESSIVE;
				CLANG_WARN_UNREACHABLE_CODE = YES;
				CLANG_WARN__DUPLICATE_METHOD_MATCH = YES;
				COPY_PHASE_STRIP = NO;
				DEBUG_INFORMATION_FORMAT = dwarf;
				ENABLE_STRICT_OBJC_MSGSEND = YES;
				ENABLE_TESTABILITY = YES;
				GCC_C_LANGUAGE_STANDARD = gnu11;
				GCC_DYNAMIC_NO_PIC = NO;
				GCC_NO_COMMON_BLOCKS = YES;
				GCC_OPTIMIZATION_LEVEL = 0;
				GCC_PREPROCESSOR_DEFINITIONS = (
					"DEBUG=1",
					"$(inherited)",
				);
				GCC_WARN_64_TO_32_BIT_CONVERSION = YES;
				GCC_WARN_ABOUT_RETURN_TYPE = YES_ERROR;
				GCC_WARN_UNDECLARED_SELECTOR = YES;
				GCC_WARN_UNINITIALIZED_AUTOS = YES_AGGRESSIVE;
				GCC_WARN_UNUSED_FUNCTION = YES;
				GCC_WARN_UNUSED_VARIABLE = YES;
				IPHONEOS_DEPLOYMENT_TARGET = 14.5;
				MTL_ENABLE_DEBUG_INFO = INCLUDE_SOURCE;
				MTL_FAST_MATH = YES;
				ONLY_ACTIVE_ARCH = YES;
				SDKROOT = iphoneos;
				SWIFT_ACTIVE_COMPILATION_CONDITIONS = DEBUG;
				SWIFT_OPTIMIZATION_LEVEL = "-Onone";
			};
			name = Debug;
		};
		4CE4E4142720ACD1008293A1 /* Release */ = {
			isa = XCBuildConfiguration;
			buildSettings = {
				ALWAYS_SEARCH_USER_PATHS = NO;
				CLANG_ANALYZER_NONNULL = YES;
				CLANG_ANALYZER_NUMBER_OBJECT_CONVERSION = YES_AGGRESSIVE;
				CLANG_CXX_LANGUAGE_STANDARD = "gnu++14";
				CLANG_CXX_LIBRARY = "libc++";
				CLANG_ENABLE_MODULES = YES;
				CLANG_ENABLE_OBJC_ARC = YES;
				CLANG_ENABLE_OBJC_WEAK = YES;
				CLANG_WARN_BLOCK_CAPTURE_AUTORELEASING = YES;
				CLANG_WARN_BOOL_CONVERSION = YES;
				CLANG_WARN_COMMA = YES;
				CLANG_WARN_CONSTANT_CONVERSION = YES;
				CLANG_WARN_DEPRECATED_OBJC_IMPLEMENTATIONS = YES;
				CLANG_WARN_DIRECT_OBJC_ISA_USAGE = YES_ERROR;
				CLANG_WARN_DOCUMENTATION_COMMENTS = YES;
				CLANG_WARN_EMPTY_BODY = YES;
				CLANG_WARN_ENUM_CONVERSION = YES;
				CLANG_WARN_INFINITE_RECURSION = YES;
				CLANG_WARN_INT_CONVERSION = YES;
				CLANG_WARN_NON_LITERAL_NULL_CONVERSION = YES;
				CLANG_WARN_OBJC_IMPLICIT_RETAIN_SELF = YES;
				CLANG_WARN_OBJC_LITERAL_CONVERSION = YES;
				CLANG_WARN_OBJC_ROOT_CLASS = YES_ERROR;
				CLANG_WARN_QUOTED_INCLUDE_IN_FRAMEWORK_HEADER = YES;
				CLANG_WARN_RANGE_LOOP_ANALYSIS = YES;
				CLANG_WARN_STRICT_PROTOTYPES = YES;
				CLANG_WARN_SUSPICIOUS_MOVE = YES;
				CLANG_WARN_UNGUARDED_AVAILABILITY = YES_AGGRESSIVE;
				CLANG_WARN_UNREACHABLE_CODE = YES;
				CLANG_WARN__DUPLICATE_METHOD_MATCH = YES;
				COPY_PHASE_STRIP = NO;
				DEBUG_INFORMATION_FORMAT = "dwarf-with-dsym";
				ENABLE_NS_ASSERTIONS = NO;
				ENABLE_STRICT_OBJC_MSGSEND = YES;
				GCC_C_LANGUAGE_STANDARD = gnu11;
				GCC_NO_COMMON_BLOCKS = YES;
				GCC_WARN_64_TO_32_BIT_CONVERSION = YES;
				GCC_WARN_ABOUT_RETURN_TYPE = YES_ERROR;
				GCC_WARN_UNDECLARED_SELECTOR = YES;
				GCC_WARN_UNINITIALIZED_AUTOS = YES_AGGRESSIVE;
				GCC_WARN_UNUSED_FUNCTION = YES;
				GCC_WARN_UNUSED_VARIABLE = YES;
				IPHONEOS_DEPLOYMENT_TARGET = 14.5;
				MTL_ENABLE_DEBUG_INFO = NO;
				MTL_FAST_MATH = YES;
				SDKROOT = iphoneos;
				SWIFT_COMPILATION_MODE = wholemodule;
				SWIFT_OPTIMIZATION_LEVEL = "-O";
				VALIDATE_PRODUCT = YES;
			};
			name = Release;
		};
		4CE4E4162720ACD1008293A1 /* Debug */ = {
			isa = XCBuildConfiguration;
			buildSettings = {
				ASSETCATALOG_COMPILER_APPICON_NAME = AppIcon;
				ASSETCATALOG_COMPILER_GLOBAL_ACCENT_COLOR_NAME = AccentColor;
				CODE_SIGN_STYLE = Automatic;
				DEVELOPMENT_TEAM = 5548YMMUN7;
				INFOPLIST_FILE = Quiz/Info.plist;
				LD_RUNPATH_SEARCH_PATHS = (
					"$(inherited)",
					"@executable_path/Frameworks",
				);
				PRODUCT_BUNDLE_IDENTIFIER = com.zaur.Quiz;
				PRODUCT_NAME = "$(TARGET_NAME)";
				SWIFT_VERSION = 5.0;
				TARGETED_DEVICE_FAMILY = 1;
			};
			name = Debug;
		};
		4CE4E4172720ACD1008293A1 /* Release */ = {
			isa = XCBuildConfiguration;
			buildSettings = {
				ASSETCATALOG_COMPILER_APPICON_NAME = AppIcon;
				ASSETCATALOG_COMPILER_GLOBAL_ACCENT_COLOR_NAME = AccentColor;
				CODE_SIGN_STYLE = Automatic;
				DEVELOPMENT_TEAM = 5548YMMUN7;
				INFOPLIST_FILE = Quiz/Info.plist;
				LD_RUNPATH_SEARCH_PATHS = (
					"$(inherited)",
					"@executable_path/Frameworks",
				);
				PRODUCT_BUNDLE_IDENTIFIER = com.zaur.Quiz;
				PRODUCT_NAME = "$(TARGET_NAME)";
				SWIFT_VERSION = 5.0;
				TARGETED_DEVICE_FAMILY = 1;
			};
			name = Release;
		};
/* End XCBuildConfiguration section */

/* Begin XCConfigurationList section */
		4CE4E3FC2720ACCF008293A1 /* Build configuration list for PBXProject "Quiz" */ = {
			isa = XCConfigurationList;
			buildConfigurations = (
				4CE4E4132720ACD1008293A1 /* Debug */,
				4CE4E4142720ACD1008293A1 /* Release */,
			);
			defaultConfigurationIsVisible = 0;
			defaultConfigurationName = Release;
		};
		4CE4E4152720ACD1008293A1 /* Build configuration list for PBXNativeTarget "Quiz" */ = {
			isa = XCConfigurationList;
			buildConfigurations = (
				4CE4E4162720ACD1008293A1 /* Debug */,
				4CE4E4172720ACD1008293A1 /* Release */,
			);
			defaultConfigurationIsVisible = 0;
			defaultConfigurationName = Release;
		};
/* End XCConfigurationList section */
	};
	rootObject = 4CE4E3F92720ACCF008293A1 /* Project object */;
}
