// !$*UTF8*$!
{
	archiveVersion = 1;
	classes = {
	};
	objectVersion = 56;
	objects = {

/* Begin PBXBuildFile section */
		4C4D6B092B0CA1AE005695E5 /* AppDelegate.swift in Sources */ = {isa = PBXBuildFile; fileRef = 4C4D6B082B0CA1AE005695E5 /* AppDelegate.swift */; };
		4C4D6B0B2B0CA1AE005695E5 /* SceneDelegate.swift in Sources */ = {isa = PBXBuildFile; fileRef = 4C4D6B0A2B0CA1AE005695E5 /* SceneDelegate.swift */; };
		4C4D6B0D2B0CA1AE005695E5 /* ViewController.swift in Sources */ = {isa = PBXBuildFile; fileRef = 4C4D6B0C2B0CA1AE005695E5 /* ViewController.swift */; };
		4C4D6B102B0CA1AE005695E5 /* Main.storyboard in Resources */ = {isa = PBXBuildFile; fileRef = 4C4D6B0E2B0CA1AE005695E5 /* Main.storyboard */; };
		4C4D6B132B0CA1AE005695E5 /* Names_To_Faces.xcdatamodeld in Sources */ = {isa = PBXBuildFile; fileRef = 4C4D6B112B0CA1AE005695E5 /* Names_To_Faces.xcdatamodeld */; };
		4C4D6B152B0CA1AF005695E5 /* Assets.xcassets in Resources */ = {isa = PBXBuildFile; fileRef = 4C4D6B142B0CA1AF005695E5 /* Assets.xcassets */; };
		4C4D6B182B0CA1AF005695E5 /* LaunchScreen.storyboard in Resources */ = {isa = PBXBuildFile; fileRef = 4C4D6B162B0CA1AF005695E5 /* LaunchScreen.storyboard */; };
		4C4D6B202B0CA45B005695E5 /* PersonCell.swift in Sources */ = {isa = PBXBuildFile; fileRef = 4C4D6B1F2B0CA45B005695E5 /* PersonCell.swift */; };
		4C4D6B222B0CAC8F005695E5 /* Person.swift in Sources */ = {isa = PBXBuildFile; fileRef = 4C4D6B212B0CAC8F005695E5 /* Person.swift */; };
/* End PBXBuildFile section */

/* Begin PBXFileReference section */
		4C4D6B052B0CA1AE005695E5 /* Names To Faces.app */ = {isa = PBXFileReference; explicitFileType = wrapper.application; includeInIndex = 0; path = "Names To Faces.app"; sourceTree = BUILT_PRODUCTS_DIR; };
		4C4D6B082B0CA1AE005695E5 /* AppDelegate.swift */ = {isa = PBXFileReference; lastKnownFileType = sourcecode.swift; path = AppDelegate.swift; sourceTree = "<group>"; };
		4C4D6B0A2B0CA1AE005695E5 /* SceneDelegate.swift */ = {isa = PBXFileReference; lastKnownFileType = sourcecode.swift; path = SceneDelegate.swift; sourceTree = "<group>"; };
		4C4D6B0C2B0CA1AE005695E5 /* ViewController.swift */ = {isa = PBXFileReference; lastKnownFileType = sourcecode.swift; path = ViewController.swift; sourceTree = "<group>"; };
		4C4D6B0F2B0CA1AE005695E5 /* Base */ = {isa = PBXFileReference; lastKnownFileType = file.storyboard; name = Base; path = Base.lproj/Main.storyboard; sourceTree = "<group>"; };
		4C4D6B122B0CA1AE005695E5 /* Names_To_Faces.xcdatamodel */ = {isa = PBXFileReference; lastKnownFileType = wrapper.xcdatamodel; path = Names_To_Faces.xcdatamodel; sourceTree = "<group>"; };
		4C4D6B142B0CA1AF005695E5 /* Assets.xcassets */ = {isa = PBXFileReference; lastKnownFileType = folder.assetcatalog; path = Assets.xcassets; sourceTree = "<group>"; };
		4C4D6B172B0CA1AF005695E5 /* Base */ = {isa = PBXFileReference; lastKnownFileType = file.storyboard; name = Base; path = Base.lproj/LaunchScreen.storyboard; sourceTree = "<group>"; };
		4C4D6B192B0CA1AF005695E5 /* Info.plist */ = {isa = PBXFileReference; lastKnownFileType = text.plist.xml; path = Info.plist; sourceTree = "<group>"; };
		4C4D6B1F2B0CA45B005695E5 /* PersonCell.swift */ = {isa = PBXFileReference; lastKnownFileType = sourcecode.swift; path = PersonCell.swift; sourceTree = "<group>"; };
		4C4D6B212B0CAC8F005695E5 /* Person.swift */ = {isa = PBXFileReference; lastKnownFileType = sourcecode.swift; path = Person.swift; sourceTree = "<group>"; };
/* End PBXFileReference section */

/* Begin PBXFrameworksBuildPhase section */
		4C4D6B022B0CA1AE005695E5 /* Frameworks */ = {
			isa = PBXFrameworksBuildPhase;
			buildActionMask = 2147483647;
			files = (
			);
			runOnlyForDeploymentPostprocessing = 0;
		};
/* End PBXFrameworksBuildPhase section */

/* Begin PBXGroup section */
		4C4D6AFC2B0CA1AE005695E5 = {
			isa = PBXGroup;
			children = (
				4C4D6B072B0CA1AE005695E5 /* Names To Faces */,
				4C4D6B062B0CA1AE005695E5 /* Products */,
			);
			sourceTree = "<group>";
		};
		4C4D6B062B0CA1AE005695E5 /* Products */ = {
			isa = PBXGroup;
			children = (
				4C4D6B052B0CA1AE005695E5 /* Names To Faces.app */,
			);
			name = Products;
			sourceTree = "<group>";
		};
		4C4D6B072B0CA1AE005695E5 /* Names To Faces */ = {
			isa = PBXGroup;
			children = (
				4C4D6B082B0CA1AE005695E5 /* AppDelegate.swift */,
				4C4D6B0A2B0CA1AE005695E5 /* SceneDelegate.swift */,
				4C4D6B0C2B0CA1AE005695E5 /* ViewController.swift */,
				4C4D6B212B0CAC8F005695E5 /* Person.swift */,
				4C4D6B0E2B0CA1AE005695E5 /* Main.storyboard */,
				4C4D6B1F2B0CA45B005695E5 /* PersonCell.swift */,
				4C4D6B142B0CA1AF005695E5 /* Assets.xcassets */,
				4C4D6B162B0CA1AF005695E5 /* LaunchScreen.storyboard */,
				4C4D6B192B0CA1AF005695E5 /* Info.plist */,
				4C4D6B112B0CA1AE005695E5 /* Names_To_Faces.xcdatamodeld */,
			);
			path = "Names To Faces";
			sourceTree = "<group>";
		};
/* End PBXGroup section */

/* Begin PBXNativeTarget section */
		4C4D6B042B0CA1AE005695E5 /* Names To Faces */ = {
			isa = PBXNativeTarget;
			buildConfigurationList = 4C4D6B1C2B0CA1AF005695E5 /* Build configuration list for PBXNativeTarget "Names To Faces" */;
			buildPhases = (
				4C4D6B012B0CA1AE005695E5 /* Sources */,
				4C4D6B022B0CA1AE005695E5 /* Frameworks */,
				4C4D6B032B0CA1AE005695E5 /* Resources */,
			);
			buildRules = (
			);
			dependencies = (
			);
			name = "Names To Faces";
			productName = "Names To Faces";
			productReference = 4C4D6B052B0CA1AE005695E5 /* Names To Faces.app */;
			productType = "com.apple.product-type.application";
		};
/* End PBXNativeTarget section */

/* Begin PBXProject section */
		4C4D6AFD2B0CA1AE005695E5 /* Project object */ = {
			isa = PBXProject;
			attributes = {
				BuildIndependentTargetsInParallel = 1;
				LastSwiftUpdateCheck = 1500;
				LastUpgradeCheck = 1500;
				TargetAttributes = {
					4C4D6B042B0CA1AE005695E5 = {
						CreatedOnToolsVersion = 15.0.1;
					};
				};
			};
			buildConfigurationList = 4C4D6B002B0CA1AE005695E5 /* Build configuration list for PBXProject "Names To Faces" */;
			compatibilityVersion = "Xcode 14.0";
			developmentRegion = en;
			hasScannedForEncodings = 0;
			knownRegions = (
				en,
				Base,
			);
			mainGroup = 4C4D6AFC2B0CA1AE005695E5;
			productRefGroup = 4C4D6B062B0CA1AE005695E5 /* Products */;
			projectDirPath = "";
			projectRoot = "";
			targets = (
				4C4D6B042B0CA1AE005695E5 /* Names To Faces */,
			);
		};
/* End PBXProject section */

/* Begin PBXResourcesBuildPhase section */
		4C4D6B032B0CA1AE005695E5 /* Resources */ = {
			isa = PBXResourcesBuildPhase;
			buildActionMask = 2147483647;
			files = (
				4C4D6B182B0CA1AF005695E5 /* LaunchScreen.storyboard in Resources */,
				4C4D6B152B0CA1AF005695E5 /* Assets.xcassets in Resources */,
				4C4D6B102B0CA1AE005695E5 /* Main.storyboard in Resources */,
			);
			runOnlyForDeploymentPostprocessing = 0;
		};
/* End PBXResourcesBuildPhase section */

/* Begin PBXSourcesBuildPhase section */
		4C4D6B012B0CA1AE005695E5 /* Sources */ = {
			isa = PBXSourcesBuildPhase;
			buildActionMask = 2147483647;
			files = (
				4C4D6B222B0CAC8F005695E5 /* Person.swift in Sources */,
				4C4D6B0D2B0CA1AE005695E5 /* ViewController.swift in Sources */,
				4C4D6B202B0CA45B005695E5 /* PersonCell.swift in Sources */,
				4C4D6B092B0CA1AE005695E5 /* AppDelegate.swift in Sources */,
				4C4D6B132B0CA1AE005695E5 /* Names_To_Faces.xcdatamodeld in Sources */,
				4C4D6B0B2B0CA1AE005695E5 /* SceneDelegate.swift in Sources */,
			);
			runOnlyForDeploymentPostprocessing = 0;
		};
/* End PBXSourcesBuildPhase section */

/* Begin PBXVariantGroup section */
		4C4D6B0E2B0CA1AE005695E5 /* Main.storyboard */ = {
			isa = PBXVariantGroup;
			children = (
				4C4D6B0F2B0CA1AE005695E5 /* Base */,
			);
			name = Main.storyboard;
			sourceTree = "<group>";
		};
		4C4D6B162B0CA1AF005695E5 /* LaunchScreen.storyboard */ = {
			isa = PBXVariantGroup;
			children = (
				4C4D6B172B0CA1AF005695E5 /* Base */,
			);
			name = LaunchScreen.storyboard;
			sourceTree = "<group>";
		};
/* End PBXVariantGroup section */

/* Begin XCBuildConfiguration section */
		4C4D6B1A2B0CA1AF005695E5 /* Debug */ = {
			isa = XCBuildConfiguration;
			buildSettings = {
				ALWAYS_SEARCH_USER_PATHS = NO;
				ASSETCATALOG_COMPILER_GENERATE_SWIFT_ASSET_SYMBOL_EXTENSIONS = YES;
				CLANG_ANALYZER_NONNULL = YES;
				CLANG_ANALYZER_NUMBER_OBJECT_CONVERSION = YES_AGGRESSIVE;
				CLANG_CXX_LANGUAGE_STANDARD = "gnu++20";
				CLANG_ENABLE_MODULES = YES;
				CLANG_ENABLE_OBJC_ARC = YES;
				CLANG_ENABLE_OBJC_WEAK = YES;
				CLANG_WARN_BLOCK_CAPTURE_AUTORELEASING = YES;
				CLANG_WARN_BOOL_CONVERSION = YES;
				CLANG_WARN_COMMA = YES;
				CLANG_WARN_CONSTANT_CONVERSION = YES;
				CLANG_WARN_DEPRECATED_OBJC_IMPLEMENTATIONS = YES;
				CLANG_WARN_DIRECT_OBJC_ISA_USAGE = YES_ERROR;
				CLANG_WARN_DOCUMENTATION_COMMENTS = YES;
				CLANG_WARN_EMPTY_BODY = YES;
				CLANG_WARN_ENUM_CONVERSION = YES;
				CLANG_WARN_INFINITE_RECURSION = YES;
				CLANG_WARN_INT_CONVERSION = YES;
				CLANG_WARN_NON_LITERAL_NULL_CONVERSION = YES;
				CLANG_WARN_OBJC_IMPLICIT_RETAIN_SELF = YES;
				CLANG_WARN_OBJC_LITERAL_CONVERSION = YES;
				CLANG_WARN_OBJC_ROOT_CLASS = YES_ERROR;
				CLANG_WARN_QUOTED_INCLUDE_IN_FRAMEWORK_HEADER = YES;
				CLANG_WARN_RANGE_LOOP_ANALYSIS = YES;
				CLANG_WARN_STRICT_PROTOTYPES = YES;
				CLANG_WARN_SUSPICIOUS_MOVE = YES;
				CLANG_WARN_UNGUARDED_AVAILABILITY = YES_AGGRESSIVE;
				CLANG_WARN_UNREACHABLE_CODE = YES;
				CLANG_WARN__DUPLICATE_METHOD_MATCH = YES;
				COPY_PHASE_STRIP = NO;
				DEBUG_INFORMATION_FORMAT = dwarf;
				ENABLE_STRICT_OBJC_MSGSEND = YES;
				ENABLE_TESTABILITY = YES;
				ENABLE_USER_SCRIPT_SANDBOXING = YES;
				GCC_C_LANGUAGE_STANDARD = gnu17;
				GCC_DYNAMIC_NO_PIC = NO;
				GCC_NO_COMMON_BLOCKS = YES;
				GCC_OPTIMIZATION_LEVEL = 0;
				GCC_PREPROCESSOR_DEFINITIONS = (
					"DEBUG=1",
					"$(inherited)",
				);
				GCC_WARN_64_TO_32_BIT_CONVERSION = YES;
				GCC_WARN_ABOUT_RETURN_TYPE = YES_ERROR;
				GCC_WARN_UNDECLARED_SELECTOR = YES;
				GCC_WARN_UNINITIALIZED_AUTOS = YES_AGGRESSIVE;
				GCC_WARN_UNUSED_FUNCTION = YES;
				GCC_WARN_UNUSED_VARIABLE = YES;
				IPHONEOS_DEPLOYMENT_TARGET = 17.0;
				LOCALIZATION_PREFERS_STRING_CATALOGS = YES;
				MTL_ENABLE_DEBUG_INFO = INCLUDE_SOURCE;
				MTL_FAST_MATH = YES;
				ONLY_ACTIVE_ARCH = YES;
				SDKROOT = iphoneos;
				SWIFT_ACTIVE_COMPILATION_CONDITIONS = "DEBUG $(inherited)";
				SWIFT_OPTIMIZATION_LEVEL = "-Onone";
			};
			name = Debug;
		};
		4C4D6B1B2B0CA1AF005695E5 /* Release */ = {
			isa = XCBuildConfiguration;
			buildSettings = {
				ALWAYS_SEARCH_USER_PATHS = NO;
				ASSETCATALOG_COMPILER_GENERATE_SWIFT_ASSET_SYMBOL_EXTENSIONS = YES;
				CLANG_ANALYZER_NONNULL = YES;
				CLANG_ANALYZER_NUMBER_OBJECT_CONVERSION = YES_AGGRESSIVE;
				CLANG_CXX_LANGUAGE_STANDARD = "gnu++20";
				CLANG_ENABLE_MODULES = YES;
				CLANG_ENABLE_OBJC_ARC = YES;
				CLANG_ENABLE_OBJC_WEAK = YES;
				CLANG_WARN_BLOCK_CAPTURE_AUTORELEASING = YES;
				CLANG_WARN_BOOL_CONVERSION = YES;
				CLANG_WARN_COMMA = YES;
				CLANG_WARN_CONSTANT_CONVERSION = YES;
				CLANG_WARN_DEPRECATED_OBJC_IMPLEMENTATIONS = YES;
				CLANG_WARN_DIRECT_OBJC_ISA_USAGE = YES_ERROR;
				CLANG_WARN_DOCUMENTATION_COMMENTS = YES;
				CLANG_WARN_EMPTY_BODY = YES;
				CLANG_WARN_ENUM_CONVERSION = YES;
				CLANG_WARN_INFINITE_RECURSION = YES;
				CLANG_WARN_INT_CONVERSION = YES;
				CLANG_WARN_NON_LITERAL_NULL_CONVERSION = YES;
				CLANG_WARN_OBJC_IMPLICIT_RETAIN_SELF = YES;
				CLANG_WARN_OBJC_LITERAL_CONVERSION = YES;
				CLANG_WARN_OBJC_ROOT_CLASS = YES_ERROR;
				CLANG_WARN_QUOTED_INCLUDE_IN_FRAMEWORK_HEADER = YES;
				CLANG_WARN_RANGE_LOOP_ANALYSIS = YES;
				CLANG_WARN_STRICT_PROTOTYPES = YES;
				CLANG_WARN_SUSPICIOUS_MOVE = YES;
				CLANG_WARN_UNGUARDED_AVAILABILITY = YES_AGGRESSIVE;
				CLANG_WARN_UNREACHABLE_CODE = YES;
				CLANG_WARN__DUPLICATE_METHOD_MATCH = YES;
				COPY_PHASE_STRIP = NO;
				DEBUG_INFORMATION_FORMAT = "dwarf-with-dsym";
				ENABLE_NS_ASSERTIONS = NO;
				ENABLE_STRICT_OBJC_MSGSEND = YES;
				ENABLE_USER_SCRIPT_SANDBOXING = YES;
				GCC_C_LANGUAGE_STANDARD = gnu17;
				GCC_NO_COMMON_BLOCKS = YES;
				GCC_WARN_64_TO_32_BIT_CONVERSION = YES;
				GCC_WARN_ABOUT_RETURN_TYPE = YES_ERROR;
				GCC_WARN_UNDECLARED_SELECTOR = YES;
				GCC_WARN_UNINITIALIZED_AUTOS = YES_AGGRESSIVE;
				GCC_WARN_UNUSED_FUNCTION = YES;
				GCC_WARN_UNUSED_VARIABLE = YES;
				IPHONEOS_DEPLOYMENT_TARGET = 17.0;
				LOCALIZATION_PREFERS_STRING_CATALOGS = YES;
				MTL_ENABLE_DEBUG_INFO = NO;
				MTL_FAST_MATH = YES;
				SDKROOT = iphoneos;
				SWIFT_COMPILATION_MODE = wholemodule;
				VALIDATE_PRODUCT = YES;
			};
			name = Release;
		};
		4C4D6B1D2B0CA1AF005695E5 /* Debug */ = {
			isa = XCBuildConfiguration;
			buildSettings = {
				ASSETCATALOG_COMPILER_APPICON_NAME = AppIcon;
				ASSETCATALOG_COMPILER_GLOBAL_ACCENT_COLOR_NAME = AccentColor;
				CODE_SIGN_STYLE = Automatic;
				CURRENT_PROJECT_VERSION = 1;
				DEVELOPMENT_TEAM = 5548YMMUN7;
				GENERATE_INFOPLIST_FILE = YES;
				INFOPLIST_FILE = "Names To Faces/Info.plist";
				INFOPLIST_KEY_UIApplicationSupportsIndirectInputEvents = YES;
				INFOPLIST_KEY_UILaunchStoryboardName = LaunchScreen;
				INFOPLIST_KEY_UIMainStoryboardFile = Main;
				INFOPLIST_KEY_UISupportedInterfaceOrientations_iPad = "UIInterfaceOrientationPortrait UIInterfaceOrientationPortraitUpsideDown UIInterfaceOrientationLandscapeLeft UIInterfaceOrientationLandscapeRight";
				INFOPLIST_KEY_UISupportedInterfaceOrientations_iPhone = "UIInterfaceOrientationPortrait UIInterfaceOrientationLandscapeLeft UIInterfaceOrientationLandscapeRight";
				LD_RUNPATH_SEARCH_PATHS = (
					"$(inherited)",
					"@executable_path/Frameworks",
				);
				MARKETING_VERSION = 1.0;
				PRODUCT_BUNDLE_IDENTIFIER = "com.zaur.Names-To-Faces";
				PRODUCT_NAME = "$(TARGET_NAME)";
				SUPPORTED_PLATFORMS = "iphoneos iphonesimulator";
				SUPPORTS_MACCATALYST = NO;
				SUPPORTS_MAC_DESIGNED_FOR_IPHONE_IPAD = NO;
				SWIFT_EMIT_LOC_STRINGS = YES;
				SWIFT_VERSION = 5.0;
				TARGETED_DEVICE_FAMILY = 1;
			};
			name = Debug;
		};
		4C4D6B1E2B0CA1AF005695E5 /* Release */ = {
			isa = XCBuildConfiguration;
			buildSettings = {
				ASSETCATALOG_COMPILER_APPICON_NAME = AppIcon;
				ASSETCATALOG_COMPILER_GLOBAL_ACCENT_COLOR_NAME = AccentColor;
				CODE_SIGN_STYLE = Automatic;
				CURRENT_PROJECT_VERSION = 1;
				DEVELOPMENT_TEAM = 5548YMMUN7;
				GENERATE_INFOPLIST_FILE = YES;
				INFOPLIST_FILE = "Names To Faces/Info.plist";
				INFOPLIST_KEY_UIApplicationSupportsIndirectInputEvents = YES;
				INFOPLIST_KEY_UILaunchStoryboardName = LaunchScreen;
				INFOPLIST_KEY_UIMainStoryboardFile = Main;
				INFOPLIST_KEY_UISupportedInterfaceOrientations_iPad = "UIInterfaceOrientationPortrait UIInterfaceOrientationPortraitUpsideDown UIInterfaceOrientationLandscapeLeft UIInterfaceOrientationLandscapeRight";
				INFOPLIST_KEY_UISupportedInterfaceOrientations_iPhone = "UIInterfaceOrientationPortrait UIInterfaceOrientationLandscapeLeft UIInterfaceOrientationLandscapeRight";
				LD_RUNPATH_SEARCH_PATHS = (
					"$(inherited)",
					"@executable_path/Frameworks",
				);
				MARKETING_VERSION = 1.0;
				PRODUCT_BUNDLE_IDENTIFIER = "com.zaur.Names-To-Faces";
				PRODUCT_NAME = "$(TARGET_NAME)";
				SUPPORTED_PLATFORMS = "iphoneos iphonesimulator";
				SUPPORTS_MACCATALYST = NO;
				SUPPORTS_MAC_DESIGNED_FOR_IPHONE_IPAD = NO;
				SWIFT_EMIT_LOC_STRINGS = YES;
				SWIFT_VERSION = 5.0;
				TARGETED_DEVICE_FAMILY = 1;
			};
			name = Release;
		};
/* End XCBuildConfiguration section */

/* Begin XCConfigurationList section */
		4C4D6B002B0CA1AE005695E5 /* Build configuration list for PBXProject "Names To Faces" */ = {
			isa = XCConfigurationList;
			buildConfigurations = (
				4C4D6B1A2B0CA1AF005695E5 /* Debug */,
				4C4D6B1B2B0CA1AF005695E5 /* Release */,
			);
			defaultConfigurationIsVisible = 0;
			defaultConfigurationName = Release;
		};
		4C4D6B1C2B0CA1AF005695E5 /* Build configuration list for PBXNativeTarget "Names To Faces" */ = {
			isa = XCConfigurationList;
			buildConfigurations = (
				4C4D6B1D2B0CA1AF005695E5 /* Debug */,
				4C4D6B1E2B0CA1AF005695E5 /* Release */,
			);
			defaultConfigurationIsVisible = 0;
			defaultConfigurationName = Release;
		};
/* End XCConfigurationList section */

/* Begin XCVersionGroup section */
		4C4D6B112B0CA1AE005695E5 /* Names_To_Faces.xcdatamodeld */ = {
			isa = XCVersionGroup;
			children = (
				4C4D6B122B0CA1AE005695E5 /* Names_To_Faces.xcdatamodel */,
			);
			currentVersion = 4C4D6B122B0CA1AE005695E5 /* Names_To_Faces.xcdatamodel */;
			path = Names_To_Faces.xcdatamodeld;
			sourceTree = "<group>";
			versionGroupType = wrapper.xcdatamodel;
		};
/* End XCVersionGroup section */
	};
	rootObject = 4C4D6AFD2B0CA1AE005695E5 /* Project object */;
}
