// !$*UTF8*$!
{
	archiveVersion = 1;
	classes = {
	};
	objectVersion = 55;
	objects = {

/* Begin PBXBuildFile section */
		4C0155C927C812AB005AD526 /* FructusApp.swift in Sources */ = {isa = PBXBuildFile; fileRef = 4C0155C827C812AB005AD526 /* FructusApp.swift */; };
		4C0155CB27C812AB005AD526 /* ContentView.swift in Sources */ = {isa = PBXBuildFile; fileRef = 4C0155CA27C812AB005AD526 /* ContentView.swift */; };
		4C0155CD27C812AD005AD526 /* Assets.xcassets in Resources */ = {isa = PBXBuildFile; fileRef = 4C0155CC27C812AD005AD526 /* Assets.xcassets */; };
		4C0155D027C812AD005AD526 /* Preview Assets.xcassets in Resources */ = {isa = PBXBuildFile; fileRef = 4C0155CF27C812AD005AD526 /* Preview Assets.xcassets */; };
		4C0155D927C81810005AD526 /* FruitCardView.swift in Sources */ = {isa = PBXBuildFile; fileRef = 4C0155D827C81810005AD526 /* FruitCardView.swift */; };
		4C0155DB27C81BB1005AD526 /* StartButtonView.swift in Sources */ = {isa = PBXBuildFile; fileRef = 4C0155DA27C81BB1005AD526 /* StartButtonView.swift */; };
		4C0155DD27C81E45005AD526 /* OnboardingView.swift in Sources */ = {isa = PBXBuildFile; fileRef = 4C0155DC27C81E45005AD526 /* OnboardingView.swift */; };
		4C0155E027C81FA1005AD526 /* FruitModel.swift in Sources */ = {isa = PBXBuildFile; fileRef = 4C0155DF27C81FA1005AD526 /* FruitModel.swift */; };
		4C0155E327C8207C005AD526 /* FruitData.swift in Sources */ = {isa = PBXBuildFile; fileRef = 4C0155E227C8207C005AD526 /* FruitData.swift */; };
		4C7A965727C8CABD008136F3 /* FruitRowView.swift in Sources */ = {isa = PBXBuildFile; fileRef = 4C7A965627C8CABD008136F3 /* FruitRowView.swift */; };
		4C7A965927C8D48B008136F3 /* FruitDetailView.swift in Sources */ = {isa = PBXBuildFile; fileRef = 4C7A965827C8D48B008136F3 /* FruitDetailView.swift */; };
		4C7A965B27C8D7D6008136F3 /* FruitHeaderView.swift in Sources */ = {isa = PBXBuildFile; fileRef = 4C7A965A27C8D7D6008136F3 /* FruitHeaderView.swift */; };
		4C7A965D27C8DA91008136F3 /* SourceLinkView.swift in Sources */ = {isa = PBXBuildFile; fileRef = 4C7A965C27C8DA91008136F3 /* SourceLinkView.swift */; };
		4C7A965F27C8DE55008136F3 /* FruitNutrientsView.swift in Sources */ = {isa = PBXBuildFile; fileRef = 4C7A965E27C8DE55008136F3 /* FruitNutrientsView.swift */; };
		4C7A966127C8E2F9008136F3 /* SettingsView.swift in Sources */ = {isa = PBXBuildFile; fileRef = 4C7A966027C8E2F9008136F3 /* SettingsView.swift */; };
		4C7A966327C8E812008136F3 /* SettingsLabelView.swift in Sources */ = {isa = PBXBuildFile; fileRef = 4C7A966227C8E812008136F3 /* SettingsLabelView.swift */; };
		4C7A966527C8EC26008136F3 /* SettingsRowView.swift in Sources */ = {isa = PBXBuildFile; fileRef = 4C7A966427C8EC26008136F3 /* SettingsRowView.swift */; };
/* End PBXBuildFile section */

/* Begin PBXFileReference section */
		4C0155C527C812AB005AD526 /* Fructus.app */ = {isa = PBXFileReference; explicitFileType = wrapper.application; includeInIndex = 0; path = Fructus.app; sourceTree = BUILT_PRODUCTS_DIR; };
		4C0155C827C812AB005AD526 /* FructusApp.swift */ = {isa = PBXFileReference; lastKnownFileType = sourcecode.swift; path = FructusApp.swift; sourceTree = "<group>"; };
		4C0155CA27C812AB005AD526 /* ContentView.swift */ = {isa = PBXFileReference; lastKnownFileType = sourcecode.swift; path = ContentView.swift; sourceTree = "<group>"; };
		4C0155CC27C812AD005AD526 /* Assets.xcassets */ = {isa = PBXFileReference; lastKnownFileType = folder.assetcatalog; path = Assets.xcassets; sourceTree = "<group>"; };
		4C0155CF27C812AD005AD526 /* Preview Assets.xcassets */ = {isa = PBXFileReference; lastKnownFileType = folder.assetcatalog; path = "Preview Assets.xcassets"; sourceTree = "<group>"; };
		4C0155D827C81810005AD526 /* FruitCardView.swift */ = {isa = PBXFileReference; lastKnownFileType = sourcecode.swift; path = FruitCardView.swift; sourceTree = "<group>"; };
		4C0155DA27C81BB1005AD526 /* StartButtonView.swift */ = {isa = PBXFileReference; lastKnownFileType = sourcecode.swift; path = StartButtonView.swift; sourceTree = "<group>"; };
		4C0155DC27C81E45005AD526 /* OnboardingView.swift */ = {isa = PBXFileReference; lastKnownFileType = sourcecode.swift; path = OnboardingView.swift; sourceTree = "<group>"; };
		4C0155DF27C81FA1005AD526 /* FruitModel.swift */ = {isa = PBXFileReference; lastKnownFileType = sourcecode.swift; path = FruitModel.swift; sourceTree = "<group>"; };
		4C0155E227C8207C005AD526 /* FruitData.swift */ = {isa = PBXFileReference; lastKnownFileType = sourcecode.swift; path = FruitData.swift; sourceTree = "<group>"; };
		4C7A965627C8CABD008136F3 /* FruitRowView.swift */ = {isa = PBXFileReference; lastKnownFileType = sourcecode.swift; path = FruitRowView.swift; sourceTree = "<group>"; };
		4C7A965827C8D48B008136F3 /* FruitDetailView.swift */ = {isa = PBXFileReference; lastKnownFileType = sourcecode.swift; path = FruitDetailView.swift; sourceTree = "<group>"; };
		4C7A965A27C8D7D6008136F3 /* FruitHeaderView.swift */ = {isa = PBXFileReference; lastKnownFileType = sourcecode.swift; path = FruitHeaderView.swift; sourceTree = "<group>"; };
		4C7A965C27C8DA91008136F3 /* SourceLinkView.swift */ = {isa = PBXFileReference; lastKnownFileType = sourcecode.swift; path = SourceLinkView.swift; sourceTree = "<group>"; };
		4C7A965E27C8DE55008136F3 /* FruitNutrientsView.swift */ = {isa = PBXFileReference; lastKnownFileType = sourcecode.swift; path = FruitNutrientsView.swift; sourceTree = "<group>"; };
		4C7A966027C8E2F9008136F3 /* SettingsView.swift */ = {isa = PBXFileReference; lastKnownFileType = sourcecode.swift; path = SettingsView.swift; sourceTree = "<group>"; };
		4C7A966227C8E812008136F3 /* SettingsLabelView.swift */ = {isa = PBXFileReference; lastKnownFileType = sourcecode.swift; path = SettingsLabelView.swift; sourceTree = "<group>"; };
		4C7A966427C8EC26008136F3 /* SettingsRowView.swift */ = {isa = PBXFileReference; lastKnownFileType = sourcecode.swift; path = SettingsRowView.swift; sourceTree = "<group>"; };
/* End PBXFileReference section */

/* Begin PBXFrameworksBuildPhase section */
		4C0155C227C812AB005AD526 /* Frameworks */ = {
			isa = PBXFrameworksBuildPhase;
			buildActionMask = 2147483647;
			files = (
			);
			runOnlyForDeploymentPostprocessing = 0;
		};
/* End PBXFrameworksBuildPhase section */

/* Begin PBXGroup section */
		4C0155BC27C812AB005AD526 = {
			isa = PBXGroup;
			children = (
				4C0155C727C812AB005AD526 /* Fructus */,
				4C0155C627C812AB005AD526 /* Products */,
			);
			sourceTree = "<group>";
		};
		4C0155C627C812AB005AD526 /* Products */ = {
			isa = PBXGroup;
			children = (
				4C0155C527C812AB005AD526 /* Fructus.app */,
			);
			name = Products;
			sourceTree = "<group>";
		};
		4C0155C727C812AB005AD526 /* Fructus */ = {
			isa = PBXGroup;
			children = (
				4C0155E127C82069005AD526 /* Data */,
				4C0155DE27C81F89005AD526 /* Model */,
				4C0155D727C817EA005AD526 /* View */,
				4C0155D627C817B4005AD526 /* App */,
				4C0155CC27C812AD005AD526 /* Assets.xcassets */,
				4C0155CE27C812AD005AD526 /* Preview Content */,
			);
			path = Fructus;
			sourceTree = "<group>";
		};
		4C0155CE27C812AD005AD526 /* Preview Content */ = {
			isa = PBXGroup;
			children = (
				4C0155CF27C812AD005AD526 /* Preview Assets.xcassets */,
			);
			path = "Preview Content";
			sourceTree = "<group>";
		};
		4C0155D627C817B4005AD526 /* App */ = {
			isa = PBXGroup;
			children = (
				4C0155C827C812AB005AD526 /* FructusApp.swift */,
				4C0155CA27C812AB005AD526 /* ContentView.swift */,
				4C0155DC27C81E45005AD526 /* OnboardingView.swift */,
				4C7A965827C8D48B008136F3 /* FruitDetailView.swift */,
				4C7A966027C8E2F9008136F3 /* SettingsView.swift */,
			);
			path = App;
			sourceTree = "<group>";
		};
		4C0155D727C817EA005AD526 /* View */ = {
			isa = PBXGroup;
			children = (
				4C0155D827C81810005AD526 /* FruitCardView.swift */,
				4C0155DA27C81BB1005AD526 /* StartButtonView.swift */,
				4C7A965627C8CABD008136F3 /* FruitRowView.swift */,
				4C7A965A27C8D7D6008136F3 /* FruitHeaderView.swift */,
				4C7A965C27C8DA91008136F3 /* SourceLinkView.swift */,
				4C7A965E27C8DE55008136F3 /* FruitNutrientsView.swift */,
				4C7A966227C8E812008136F3 /* SettingsLabelView.swift */,
				4C7A966427C8EC26008136F3 /* SettingsRowView.swift */,
			);
			path = View;
			sourceTree = "<group>";
		};
		4C0155DE27C81F89005AD526 /* Model */ = {
			isa = PBXGroup;
			children = (
				4C0155DF27C81FA1005AD526 /* FruitModel.swift */,
			);
			path = Model;
			sourceTree = "<group>";
		};
		4C0155E127C82069005AD526 /* Data */ = {
			isa = PBXGroup;
			children = (
				4C0155E227C8207C005AD526 /* FruitData.swift */,
			);
			path = Data;
			sourceTree = "<group>";
		};
/* End PBXGroup section */

/* Begin PBXNativeTarget section */
		4C0155C427C812AB005AD526 /* Fructus */ = {
			isa = PBXNativeTarget;
			buildConfigurationList = 4C0155D327C812AD005AD526 /* Build configuration list for PBXNativeTarget "Fructus" */;
			buildPhases = (
				4C0155C127C812AB005AD526 /* Sources */,
				4C0155C227C812AB005AD526 /* Frameworks */,
				4C0155C327C812AB005AD526 /* Resources */,
			);
			buildRules = (
			);
			dependencies = (
			);
			name = Fructus;
			productName = Fructus;
			productReference = 4C0155C527C812AB005AD526 /* Fructus.app */;
			productType = "com.apple.product-type.application";
		};
/* End PBXNativeTarget section */

/* Begin PBXProject section */
		4C0155BD27C812AB005AD526 /* Project object */ = {
			isa = PBXProject;
			attributes = {
				BuildIndependentTargetsInParallel = 1;
				LastSwiftUpdateCheck = 1320;
				LastUpgradeCheck = 1320;
				TargetAttributes = {
					4C0155C427C812AB005AD526 = {
						CreatedOnToolsVersion = 13.2.1;
					};
				};
			};
			buildConfigurationList = 4C0155C027C812AB005AD526 /* Build configuration list for PBXProject "Fructus" */;
			compatibilityVersion = "Xcode 13.0";
			developmentRegion = en;
			hasScannedForEncodings = 0;
			knownRegions = (
				en,
				Base,
			);
			mainGroup = 4C0155BC27C812AB005AD526;
			productRefGroup = 4C0155C627C812AB005AD526 /* Products */;
			projectDirPath = "";
			projectRoot = "";
			targets = (
				4C0155C427C812AB005AD526 /* Fructus */,
			);
		};
/* End PBXProject section */

/* Begin PBXResourcesBuildPhase section */
		4C0155C327C812AB005AD526 /* Resources */ = {
			isa = PBXResourcesBuildPhase;
			buildActionMask = 2147483647;
			files = (
				4C0155D027C812AD005AD526 /* Preview Assets.xcassets in Resources */,
				4C0155CD27C812AD005AD526 /* Assets.xcassets in Resources */,
			);
			runOnlyForDeploymentPostprocessing = 0;
		};
/* End PBXResourcesBuildPhase section */

/* Begin PBXSourcesBuildPhase section */
		4C0155C127C812AB005AD526 /* Sources */ = {
			isa = PBXSourcesBuildPhase;
			buildActionMask = 2147483647;
			files = (
				4C0155E327C8207C005AD526 /* FruitData.swift in Sources */,
				4C7A965D27C8DA91008136F3 /* SourceLinkView.swift in Sources */,
				4C7A966527C8EC26008136F3 /* SettingsRowView.swift in Sources */,
				4C0155D927C81810005AD526 /* FruitCardView.swift in Sources */,
				4C7A965727C8CABD008136F3 /* FruitRowView.swift in Sources */,
				4C7A965F27C8DE55008136F3 /* FruitNutrientsView.swift in Sources */,
				4C0155DB27C81BB1005AD526 /* StartButtonView.swift in Sources */,
				4C7A965927C8D48B008136F3 /* FruitDetailView.swift in Sources */,
				4C0155CB27C812AB005AD526 /* ContentView.swift in Sources */,
				4C7A965B27C8D7D6008136F3 /* FruitHeaderView.swift in Sources */,
				4C0155DD27C81E45005AD526 /* OnboardingView.swift in Sources */,
				4C7A966327C8E812008136F3 /* SettingsLabelView.swift in Sources */,
				4C0155E027C81FA1005AD526 /* FruitModel.swift in Sources */,
				4C0155C927C812AB005AD526 /* FructusApp.swift in Sources */,
				4C7A966127C8E2F9008136F3 /* SettingsView.swift in Sources */,
			);
			runOnlyForDeploymentPostprocessing = 0;
		};
/* End PBXSourcesBuildPhase section */

/* Begin XCBuildConfiguration section */
		4C0155D127C812AD005AD526 /* Debug */ = {
			isa = XCBuildConfiguration;
			buildSettings = {
				ALWAYS_SEARCH_USER_PATHS = NO;
				CLANG_ANALYZER_NONNULL = YES;
				CLANG_ANALYZER_NUMBER_OBJECT_CONVERSION = YES_AGGRESSIVE;
				CLANG_CXX_LANGUAGE_STANDARD = "gnu++17";
				CLANG_CXX_LIBRARY = "libc++";
				CLANG_ENABLE_MODULES = YES;
				CLANG_ENABLE_OBJC_ARC = YES;
				CLANG_ENABLE_OBJC_WEAK = YES;
				CLANG_WARN_BLOCK_CAPTURE_AUTORELEASING = YES;
				CLANG_WARN_BOOL_CONVERSION = YES;
				CLANG_WARN_COMMA = YES;
				CLANG_WARN_CONSTANT_CONVERSION = YES;
				CLANG_WARN_DEPRECATED_OBJC_IMPLEMENTATIONS = YES;
				CLANG_WARN_DIRECT_OBJC_ISA_USAGE = YES_ERROR;
				CLANG_WARN_DOCUMENTATION_COMMENTS = YES;
				CLANG_WARN_EMPTY_BODY = YES;
				CLANG_WARN_ENUM_CONVERSION = YES;
				CLANG_WARN_INFINITE_RECURSION = YES;
				CLANG_WARN_INT_CONVERSION = YES;
				CLANG_WARN_NON_LITERAL_NULL_CONVERSION = YES;
				CLANG_WARN_OBJC_IMPLICIT_RETAIN_SELF = YES;
				CLANG_WARN_OBJC_LITERAL_CONVERSION = YES;
				CLANG_WARN_OBJC_ROOT_CLASS = YES_ERROR;
				CLANG_WARN_QUOTED_INCLUDE_IN_FRAMEWORK_HEADER = YES;
				CLANG_WARN_RANGE_LOOP_ANALYSIS = YES;
				CLANG_WARN_STRICT_PROTOTYPES = YES;
				CLANG_WARN_SUSPICIOUS_MOVE = YES;
				CLANG_WARN_UNGUARDED_AVAILABILITY = YES_AGGRESSIVE;
				CLANG_WARN_UNREACHABLE_CODE = YES;
				CLANG_WARN__DUPLICATE_METHOD_MATCH = YES;
				COPY_PHASE_STRIP = NO;
				DEBUG_INFORMATION_FORMAT = dwarf;
				ENABLE_STRICT_OBJC_MSGSEND = YES;
				ENABLE_TESTABILITY = YES;
				GCC_C_LANGUAGE_STANDARD = gnu11;
				GCC_DYNAMIC_NO_PIC = NO;
				GCC_NO_COMMON_BLOCKS = YES;
				GCC_OPTIMIZATION_LEVEL = 0;
				GCC_PREPROCESSOR_DEFINITIONS = (
					"DEBUG=1",
					"$(inherited)",
				);
				GCC_WARN_64_TO_32_BIT_CONVERSION = YES;
				GCC_WARN_ABOUT_RETURN_TYPE = YES_ERROR;
				GCC_WARN_UNDECLARED_SELECTOR = YES;
				GCC_WARN_UNINITIALIZED_AUTOS = YES_AGGRESSIVE;
				GCC_WARN_UNUSED_FUNCTION = YES;
				GCC_WARN_UNUSED_VARIABLE = YES;
				IPHONEOS_DEPLOYMENT_TARGET = 15.2;
				MTL_ENABLE_DEBUG_INFO = INCLUDE_SOURCE;
				MTL_FAST_MATH = YES;
				ONLY_ACTIVE_ARCH = YES;
				SDKROOT = iphoneos;
				SWIFT_ACTIVE_COMPILATION_CONDITIONS = DEBUG;
				SWIFT_OPTIMIZATION_LEVEL = "-Onone";
			};
			name = Debug;
		};
		4C0155D227C812AD005AD526 /* Release */ = {
			isa = XCBuildConfiguration;
			buildSettings = {
				ALWAYS_SEARCH_USER_PATHS = NO;
				CLANG_ANALYZER_NONNULL = YES;
				CLANG_ANALYZER_NUMBER_OBJECT_CONVERSION = YES_AGGRESSIVE;
				CLANG_CXX_LANGUAGE_STANDARD = "gnu++17";
				CLANG_CXX_LIBRARY = "libc++";
				CLANG_ENABLE_MODULES = YES;
				CLANG_ENABLE_OBJC_ARC = YES;
				CLANG_ENABLE_OBJC_WEAK = YES;
				CLANG_WARN_BLOCK_CAPTURE_AUTORELEASING = YES;
				CLANG_WARN_BOOL_CONVERSION = YES;
				CLANG_WARN_COMMA = YES;
				CLANG_WARN_CONSTANT_CONVERSION = YES;
				CLANG_WARN_DEPRECATED_OBJC_IMPLEMENTATIONS = YES;
				CLANG_WARN_DIRECT_OBJC_ISA_USAGE = YES_ERROR;
				CLANG_WARN_DOCUMENTATION_COMMENTS = YES;
				CLANG_WARN_EMPTY_BODY = YES;
				CLANG_WARN_ENUM_CONVERSION = YES;
				CLANG_WARN_INFINITE_RECURSION = YES;
				CLANG_WARN_INT_CONVERSION = YES;
				CLANG_WARN_NON_LITERAL_NULL_CONVERSION = YES;
				CLANG_WARN_OBJC_IMPLICIT_RETAIN_SELF = YES;
				CLANG_WARN_OBJC_LITERAL_CONVERSION = YES;
				CLANG_WARN_OBJC_ROOT_CLASS = YES_ERROR;
				CLANG_WARN_QUOTED_INCLUDE_IN_FRAMEWORK_HEADER = YES;
				CLANG_WARN_RANGE_LOOP_ANALYSIS = YES;
				CLANG_WARN_STRICT_PROTOTYPES = YES;
				CLANG_WARN_SUSPICIOUS_MOVE = YES;
				CLANG_WARN_UNGUARDED_AVAILABILITY = YES_AGGRESSIVE;
				CLANG_WARN_UNREACHABLE_CODE = YES;
				CLANG_WARN__DUPLICATE_METHOD_MATCH = YES;
				COPY_PHASE_STRIP = NO;
				DEBUG_INFORMATION_FORMAT = "dwarf-with-dsym";
				ENABLE_NS_ASSERTIONS = NO;
				ENABLE_STRICT_OBJC_MSGSEND = YES;
				GCC_C_LANGUAGE_STANDARD = gnu11;
				GCC_NO_COMMON_BLOCKS = YES;
				GCC_WARN_64_TO_32_BIT_CONVERSION = YES;
				GCC_WARN_ABOUT_RETURN_TYPE = YES_ERROR;
				GCC_WARN_UNDECLARED_SELECTOR = YES;
				GCC_WARN_UNINITIALIZED_AUTOS = YES_AGGRESSIVE;
				GCC_WARN_UNUSED_FUNCTION = YES;
				GCC_WARN_UNUSED_VARIABLE = YES;
				IPHONEOS_DEPLOYMENT_TARGET = 15.2;
				MTL_ENABLE_DEBUG_INFO = NO;
				MTL_FAST_MATH = YES;
				SDKROOT = iphoneos;
				SWIFT_COMPILATION_MODE = wholemodule;
				SWIFT_OPTIMIZATION_LEVEL = "-O";
				VALIDATE_PRODUCT = YES;
			};
			name = Release;
		};
		4C0155D427C812AD005AD526 /* Debug */ = {
			isa = XCBuildConfiguration;
			buildSettings = {
				ASSETCATALOG_COMPILER_APPICON_NAME = AppIcon;
				ASSETCATALOG_COMPILER_GLOBAL_ACCENT_COLOR_NAME = AccentColor;
				CODE_SIGN_STYLE = Automatic;
				CURRENT_PROJECT_VERSION = 1;
				DEVELOPMENT_ASSET_PATHS = "\"Fructus/Preview Content\"";
				DEVELOPMENT_TEAM = 5548YMMUN7;
				ENABLE_PREVIEWS = YES;
				GENERATE_INFOPLIST_FILE = YES;
				INFOPLIST_KEY_UIApplicationSceneManifest_Generation = YES;
				INFOPLIST_KEY_UIApplicationSupportsIndirectInputEvents = YES;
				INFOPLIST_KEY_UILaunchScreen_Generation = YES;
				INFOPLIST_KEY_UISupportedInterfaceOrientations = UIInterfaceOrientationPortrait;
				INFOPLIST_KEY_UISupportedInterfaceOrientations_iPad = "UIInterfaceOrientationPortrait UIInterfaceOrientationPortraitUpsideDown UIInterfaceOrientationLandscapeLeft UIInterfaceOrientationLandscapeRight";
				INFOPLIST_KEY_UISupportedInterfaceOrientations_iPhone = UIInterfaceOrientationPortrait;
				LD_RUNPATH_SEARCH_PATHS = (
					"$(inherited)",
					"@executable_path/Frameworks",
				);
				MARKETING_VERSION = 1.0;
				PRODUCT_BUNDLE_IDENTIFIER = com.zaur.Fructus;
				PRODUCT_NAME = "$(TARGET_NAME)";
				SWIFT_EMIT_LOC_STRINGS = YES;
				SWIFT_VERSION = 5.0;
				TARGETED_DEVICE_FAMILY = "1,2";
			};
			name = Debug;
		};
		4C0155D527C812AD005AD526 /* Release */ = {
			isa = XCBuildConfiguration;
			buildSettings = {
				ASSETCATALOG_COMPILER_APPICON_NAME = AppIcon;
				ASSETCATALOG_COMPILER_GLOBAL_ACCENT_COLOR_NAME = AccentColor;
				CODE_SIGN_STYLE = Automatic;
				CURRENT_PROJECT_VERSION = 1;
				DEVELOPMENT_ASSET_PATHS = "\"Fructus/Preview Content\"";
				DEVELOPMENT_TEAM = 5548YMMUN7;
				ENABLE_PREVIEWS = YES;
				GENERATE_INFOPLIST_FILE = YES;
				INFOPLIST_KEY_UIApplicationSceneManifest_Generation = YES;
				INFOPLIST_KEY_UIApplicationSupportsIndirectInputEvents = YES;
				INFOPLIST_KEY_UILaunchScreen_Generation = YES;
				INFOPLIST_KEY_UISupportedInterfaceOrientations = UIInterfaceOrientationPortrait;
				INFOPLIST_KEY_UISupportedInterfaceOrientations_iPad = "UIInterfaceOrientationPortrait UIInterfaceOrientationPortraitUpsideDown UIInterfaceOrientationLandscapeLeft UIInterfaceOrientationLandscapeRight";
				INFOPLIST_KEY_UISupportedInterfaceOrientations_iPhone = UIInterfaceOrientationPortrait;
				LD_RUNPATH_SEARCH_PATHS = (
					"$(inherited)",
					"@executable_path/Frameworks",
				);
				MARKETING_VERSION = 1.0;
				PRODUCT_BUNDLE_IDENTIFIER = com.zaur.Fructus;
				PRODUCT_NAME = "$(TARGET_NAME)";
				SWIFT_EMIT_LOC_STRINGS = YES;
				SWIFT_VERSION = 5.0;
				TARGETED_DEVICE_FAMILY = "1,2";
			};
			name = Release;
		};
/* End XCBuildConfiguration section */

/* Begin XCConfigurationList section */
		4C0155C027C812AB005AD526 /* Build configuration list for PBXProject "Fructus" */ = {
			isa = XCConfigurationList;
			buildConfigurations = (
				4C0155D127C812AD005AD526 /* Debug */,
				4C0155D227C812AD005AD526 /* Release */,
			);
			defaultConfigurationIsVisible = 0;
			defaultConfigurationName = Release;
		};
		4C0155D327C812AD005AD526 /* Build configuration list for PBXNativeTarget "Fructus" */ = {
			isa = XCConfigurationList;
			buildConfigurations = (
				4C0155D427C812AD005AD526 /* Debug */,
				4C0155D527C812AD005AD526 /* Release */,
			);
			defaultConfigurationIsVisible = 0;
			defaultConfigurationName = Release;
		};
/* End XCConfigurationList section */
	};
	rootObject = 4C0155BD27C812AB005AD526 /* Project object */;
}
